
Microsoft Visual Studio Solution File, Format Version 12.00
Project("{FAE04EC0-301F-11D3-BF4B-00C04F79EFBC}") = "Blazares.Gallery", "Blazares.Gallery\Blazares.Gallery.csproj", "{197D74B7-4F05-4C7E-8654-A0A16E0AE25E}"
EndProject
Project("{FAE04EC0-301F-11D3-BF4B-00C04F79EFBC}") = "Blazares.Gallery.Engine", "Blazares.Gallery.Engine\Blazares.Gallery.Engine.csproj", "{A999C450-F898-4FF1-8C95-EF19C5E56D84}"
EndProject
Global
	GlobalSection(SolutionConfigurationPlatforms) = preSolution
		Debug|Any CPU = Debug|Any CPU
		Release|Any CPU = Release|Any CPU
	EndGlobalSection
	GlobalSection(ProjectConfigurationPlatforms) = postSolution
		{197D74B7-4F05-4C7E-8654-A0A16E0AE25E}.Debug|Any CPU.ActiveCfg = Debug|Any CPU
		{197D74B7-4F05-4C7E-8654-A0A16E0AE25E}.Debug|Any CPU.Build.0 = Debug|Any CPU
		{197D74B7-4F05-4C7E-8654-A0A16E0AE25E}.Release|Any CPU.ActiveCfg = Release|Any CPU
		{197D74B7-4F05-4C7E-8654-A0A16E0AE25E}.Release|Any CPU.Build.0 = Release|Any CPU
		{A999C450-F898-4FF1-8C95-EF19C5E56D84}.Debug|Any CPU.ActiveCfg = Debug|Any CPU
		{A999C450-F898-4FF1-8C95-EF19C5E56D84}.Debug|Any CPU.Build.0 = Debug|Any CPU
		{A999C450-F898-4FF1-8C95-EF19C5E56D84}.Release|Any CPU.ActiveCfg = Release|Any CPU
		{A999C450-F898-4FF1-8C95-EF19C5E56D84}.Release|Any CPU.Build.0 = Release|Any CPU
	EndGlobalSection
EndGlobal
